
Microsoft Visual Studio Solution File, Format Version 12.00
# Visual Studio Version 17
VisualStudioVersion = 17.8.34322.80
MinimumVisualStudioVersion = 10.0.40219.1
Project("{FAE04EC0-301F-11D3-BF4B-00C04F79EFBC}") = "Booking_Reservation", "Booking_Reservation\Booking_Reservation.csproj", "{B33D6873-97CB-4713-8632-A6E199608630}"
EndProject
Project("{FAE04EC0-301F-11D3-BF4B-00C04F79EFBC}") = "Booking_Reservation_Domain", "Booking_Reservation_Domain\Booking_Reservation_Domain.csproj", "{80260CF3-CD77-4F6B-8278-C024FB509246}"
EndProject
Project("{FAE04EC0-301F-11D3-BF4B-00C04F79EFBC}") = "Booking_Reservation_Application", "Booking_Reservation_Application\Booking_Reservation_Application.csproj", "{E7E51218-0E04-45C5-8015-B7BDAC1A3BA4}"
EndProject
Project("{FAE04EC0-301F-11D3-BF4B-00C04F79EFBC}") = "Booking_Reservation_Infrastructure", "Booking_Reservation_Infrastructure\Booking_Reservation_Infrastructure.csproj", "{9D10A21C-26FE-4824-8F9B-CC62F74CD7FA}"
EndProject
Project("{FAE04EC0-301F-11D3-BF4B-00C04F79EFBC}") = "Booking_Reservation_UnitTests", "Booking_Reservation_UnitTests\Booking_Reservation_UnitTests.csproj", "{34186EA5-0089-4DDD-A6E3-A0F8EBDE3541}"
EndProject
Global
	GlobalSection(SolutionConfigurationPlatforms) = preSolution
		Debug|Any CPU = Debug|Any CPU
		Release|Any CPU = Release|Any CPU
	EndGlobalSection
	GlobalSection(ProjectConfigurationPlatforms) = postSolution
		{B33D6873-97CB-4713-8632-A6E199608630}.Debug|Any CPU.ActiveCfg = Debug|Any CPU
		{B33D6873-97CB-4713-8632-A6E199608630}.Debug|Any CPU.Build.0 = Debug|Any CPU
		{B33D6873-97CB-4713-8632-A6E199608630}.Release|Any CPU.ActiveCfg = Release|Any CPU
		{B33D6873-97CB-4713-8632-A6E199608630}.Release|Any CPU.Build.0 = Release|Any CPU
		{80260CF3-CD77-4F6B-8278-C024FB509246}.Debug|Any CPU.ActiveCfg = Debug|Any CPU
		{80260CF3-CD77-4F6B-8278-C024FB509246}.Debug|Any CPU.Build.0 = Debug|Any CPU
		{80260CF3-CD77-4F6B-8278-C024FB509246}.Release|Any CPU.ActiveCfg = Release|Any CPU
		{80260CF3-CD77-4F6B-8278-C024FB509246}.Release|Any CPU.Build.0 = Release|Any CPU
		{E7E51218-0E04-45C5-8015-B7BDAC1A3BA4}.Debug|Any CPU.ActiveCfg = Debug|Any CPU
		{E7E51218-0E04-45C5-8015-B7BDAC1A3BA4}.Debug|Any CPU.Build.0 = Debug|Any CPU
		{E7E51218-0E04-45C5-8015-B7BDAC1A3BA4}.Release|Any CPU.ActiveCfg = Release|Any CPU
		{E7E51218-0E04-45C5-8015-B7BDAC1A3BA4}.Release|Any CPU.Build.0 = Release|Any CPU
		{9D10A21C-26FE-4824-8F9B-CC62F74CD7FA}.Debug|Any CPU.ActiveCfg = Debug|Any CPU
		{9D10A21C-26FE-4824-8F9B-CC62F74CD7FA}.Debug|Any CPU.Build.0 = Debug|Any CPU
		{9D10A21C-26FE-4824-8F9B-CC62F74CD7FA}.Release|Any CPU.ActiveCfg = Release|Any CPU
		{9D10A21C-26FE-4824-8F9B-CC62F74CD7FA}.Release|Any CPU.Build.0 = Release|Any CPU
		{34186EA5-0089-4DDD-A6E3-A0F8EBDE3541}.Debug|Any CPU.ActiveCfg = Debug|Any CPU
		{34186EA5-0089-4DDD-A6E3-A0F8EBDE3541}.Debug|Any CPU.Build.0 = Debug|Any CPU
		{34186EA5-0089-4DDD-A6E3-A0F8EBDE3541}.Release|Any CPU.ActiveCfg = Release|Any CPU
		{34186EA5-0089-4DDD-A6E3-A0F8EBDE3541}.Release|Any CPU.Build.0 = Release|Any CPU
	EndGlobalSection
	GlobalSection(SolutionProperties) = preSolution
		HideSolutionNode = FALSE
	EndGlobalSection
	GlobalSection(ExtensibilityGlobals) = postSolution
		SolutionGuid = {93270EB8-0755-49F0-AFC5-50AAFFA0D766}
	EndGlobalSection
EndGlobal
